
Microsoft Visual Studio Solution File, Format Version 12.00
# Visual Studio Version 16
VisualStudioVersion = 16.0.29123.89
MinimumVisualStudioVersion = 10.0.40219.1
Project("{FAE04EC0-301F-11D3-BF4B-00C04F79EFBC}") = "AeroCtl", "AeroCtl\AeroCtl.csproj", "{72AF0B9E-75C6-4F98-B586-777DF53193C8}"
EndProject
Project("{FAE04EC0-301F-11D3-BF4B-00C04F79EFBC}") = "AeroCtl.UI", "AeroCtl.UI\AeroCtl.UI.csproj", "{057BA2B1-1DEF-4088-B8E7-39B01F7DBE69}"
EndProject
Global
	GlobalSection(SolutionConfigurationPlatforms) = preSolution
		Debug|Any CPU = Debug|Any CPU
		Release|Any CPU = Release|Any CPU
	EndGlobalSection
	GlobalSection(ProjectConfigurationPlatforms) = postSolution
		{72AF0B9E-75C6-4F98-B586-777DF53193C8}.Debug|Any CPU.ActiveCfg = Debug|Any CPU
		{72AF0B9E-75C6-4F98-B586-777DF53193C8}.Debug|Any CPU.Build.0 = Debug|Any CPU
		{72AF0B9E-75C6-4F98-B586-777DF53193C8}.Release|Any CPU.ActiveCfg = Release|Any CPU
		{72AF0B9E-75C6-4F98-B586-777DF53193C8}.Release|Any CPU.Build.0 = Release|Any CPU
		{057BA2B1-1DEF-4088-B8E7-39B01F7DBE69}.Debug|Any CPU.ActiveCfg = Debug|Any CPU
		{057BA2B1-1DEF-4088-B8E7-39B01F7DBE69}.Debug|Any CPU.Build.0 = Debug|Any CPU
		{057BA2B1-1DEF-4088-B8E7-39B01F7DBE69}.Release|Any CPU.ActiveCfg = Release|Any CPU
		{057BA2B1-1DEF-4088-B8E7-39B01F7DBE69}.Release|Any CPU.Build.0 = Release|Any CPU
	EndGlobalSection
	GlobalSection(SolutionProperties) = preSolution
		HideSolutionNode = FALSE
	EndGlobalSection
	GlobalSection(ExtensibilityGlobals) = postSolution
		SolutionGuid = {0A1BB3A2-A00F-4948-864C-048197D4E4DA}
	EndGlobalSection
EndGlobal
